
Microsoft Visual Studio Solution File, Format Version 12.00
# Visual Studio Version 16
VisualStudioVersion = 16.0.29806.167
MinimumVisualStudioVersion = 10.0.40219.1
Project("{F184B08F-C81C-45F6-A57F-5ABD9991F28F}") = "Accounts", "Accounts\Accounts.vbproj", "{826EE6DC-954A-4C18-9108-EBD592FCB1E8}"
EndProject
Project("{2150E333-8FDC-42A3-9474-1A3956D46DE8}") = "Libraries", "Libraries", "{A6C79BF6-2C34-4AEA-9845-360F48976962}"
EndProject
Project("{F184B08F-C81C-45F6-A57F-5ABD9991F28F}") = "BaseControlsLibrary", "Libraries\BaseControlsLibrary\BaseControlsLibrary.vbproj", "{58F5EC33-2974-4823-AB62-1D4E5B3EF152}"
EndProject
Project("{F184B08F-C81C-45F6-A57F-5ABD9991F28F}") = "CBaseControlsLibrary", "Libraries\CBaseControlsLibrary\CBaseControlsLibrary.vbproj", "{F991561A-78F8-487C-A873-E6436B41D801}"
	ProjectSection(ProjectDependencies) = postProject
		{63AACD2C-A92E-4CF4-8F4D-49C774E2B1C6} = {63AACD2C-A92E-4CF4-8F4D-49C774E2B1C6}
		{0E9D874E-5354-465E-9EC3-F7A35C268A8A} = {0E9D874E-5354-465E-9EC3-F7A35C268A8A}
		{ABBF2275-7DFF-4724-98F9-71A2FD10B471} = {ABBF2275-7DFF-4724-98F9-71A2FD10B471}
	EndProjectSection
EndProject
Project("{FAE04EC0-301F-11D3-BF4B-00C04F79EFBC}") = "CustomComboBox", "Libraries\CustomComboBox\CustomComboBox.csproj", "{78A0AC9E-8E5C-422A-A45A-2BD0035F14E2}"
EndProject
Project("{F184B08F-C81C-45F6-A57F-5ABD9991F28F}") = "ErrorsAndEvents", "Libraries\ErrorsAndEvents\ErrorsAndEvents.vbproj", "{ABBF2275-7DFF-4724-98F9-71A2FD10B471}"
EndProject
Project("{F184B08F-C81C-45F6-A57F-5ABD9991F28F}") = "GlobalFuncNSub", "Libraries\GlobalFuncNSub\GlobalFuncNSub.vbproj", "{B56FDCD3-8B48-4859-983B-07FFA242673D}"
EndProject
Project("{F184B08F-C81C-45F6-A57F-5ABD9991F28F}") = "HelperLibraries", "Libraries\HelperLibraries\HelperLibraries.vbproj", "{A7EE826E-E3B4-40A7-8754-285B373F4321}"
EndProject
Project("{FAE04EC0-301F-11D3-BF4B-00C04F79EFBC}") = "LocalizationUtilities", "Libraries\LocalizationUtilities\LocalizationUtilities.csproj", "{63AACD2C-A92E-4CF4-8F4D-49C774E2B1C6}"
EndProject
Project("{F184B08F-C81C-45F6-A57F-5ABD9991F28F}") = "GlobalResources", "Libraries\GlobalResources\GlobalResources.vbproj", "{821EE93B-1DE7-414D-9612-960288F355FE}"
EndProject
Project("{F184B08F-C81C-45F6-A57F-5ABD9991F28F}") = "BusinessLayer", "BusinessLayer\BusinessLayer.vbproj", "{F1004885-D468-41ED-8572-5BA952B9C39E}"
EndProject
Project("{F184B08F-C81C-45F6-A57F-5ABD9991F28F}") = "DataLayer", "DataLayer\DataLayer.vbproj", "{440C4740-2584-4050-9086-543018EAC766}"
EndProject
Project("{2150E333-8FDC-42A3-9474-1A3956D46DE8}") = "PresentationLayer", "PresentationLayer", "{66D0E355-CA37-4EEF-B18D-D4A9093BB11C}"
EndProject
Project("{F184B08F-C81C-45F6-A57F-5ABD9991F28F}") = "Models", "PresentationLayer\Models\Models.vbproj", "{6A8692E0-9B9B-4F31-8BA6-0C3DE257F9A4}"
EndProject
Project("{F184B08F-C81C-45F6-A57F-5ABD9991F28F}") = "Presenters", "PresentationLayer\Presenters\Presenters.vbproj", "{021A8A1A-B69A-4254-9081-12357F20C01B}"
EndProject
Project("{F184B08F-C81C-45F6-A57F-5ABD9991F28F}") = "Views", "PresentationLayer\Views\Views.vbproj", "{4EEDC5F0-DCA9-4CFB-8926-07D7E5B37FA0}"
EndProject
Project("{F184B08F-C81C-45F6-A57F-5ABD9991F28F}") = "Forms", "PresentationLayer\Forms\Forms.vbproj", "{51DA927A-505F-49CF-9768-9E401219B91C}"
	ProjectSection(ProjectDependencies) = postProject
		{ABBF2275-7DFF-4724-98F9-71A2FD10B471} = {ABBF2275-7DFF-4724-98F9-71A2FD10B471}
	EndProjectSection
EndProject
Project("{F184B08F-C81C-45F6-A57F-5ABD9991F28F}") = "ServicesLayer", "ServicesLayer\ServicesLayer.vbproj", "{4B7A1168-E9FA-4360-9607-A2C98255E4C0}"
EndProject
Project("{F184B08F-C81C-45F6-A57F-5ABD9991F28F}") = "Common", "Common\Common.vbproj", "{B1B81E19-89AC-4859-BE75-CB05C7BE5105}"
EndProject
Project("{2150E333-8FDC-42A3-9474-1A3956D46DE8}") = "Documents", "Documents", "{0598D101-4147-476C-98FF-8C78D96B971E}"
	ProjectSection(SolutionItems) = preProject
		App.config = App.config
		CommonErrors.txt = CommonErrors.txt
		ComputeClientFormSizeEqually.txt = ComputeClientFormSizeEqually.txt
		Create JournalPrefix.sql = Create JournalPrefix.sql
		CreateBaseSecurityObject.sql = CreateBaseSecurityObject.sql
		CreatePayElementGroups.sql = CreatePayElementGroups.sql
		CreateProgramSecurities(non menu).sql = CreateProgramSecurities(non menu).sql
		DO THIS NOW.txt = DO THIS NOW.txt
		HomeSqlDataStructures.sql = HomeSqlDataStructures.sql
		HomeSqlIspdata.sql = HomeSqlIspdata.sql
		OldSecurityObjects.sql = OldSecurityObjects.sql
		Sample Timer.txt = Sample Timer.txt
		ToDo.txt = ToDo.txt
		Translations.txt = Translations.txt
		Update Approved Fields.sql = Update Approved Fields.sql
	EndProjectSection
EndProject
Project("{2150E333-8FDC-42A3-9474-1A3956D46DE8}") = "Views", "Views", "{5DC97E00-8C55-479E-94C2-19679791F55C}"
	ProjectSection(SolutionItems) = preProject
		ApDetails_View.sql = ApDetails_View.sql
		CheckDisbursementJournalItem_View.sql = CheckDisbursementJournalItem_View.sql
		CommonErrors.txt = CommonErrors.txt
		CostCenter_View.sql = CostCenter_View.sql
		CreateAllViews.sql = CreateAllViews.sql
		CreateAllViews.txt = CreateAllViews.txt
		CrystalErrorDataOnFirstLineNotAppearing.txt = CrystalErrorDataOnFirstLineNotAppearing.txt
		DeleteDuplicate.sql = DeleteDuplicate.sql
		Dynamically Create Table.sql = Dynamically Create Table.sql
		EmployeeFileNDesignations.sql = EmployeeFileNDesignations.sql
		FringeBenefits.sql = FringeBenefits.sql
		HomeSqlIspdata.sql = HomeSqlIspdata.sql
		Important Information to Know.txt = Important Information to Know.txt
		InsertCheckDisbursementJournalItemTVP.sql = InsertCheckDisbursementJournalItemTVP.sql
		PayGroups.sql = PayGroups.sql
		ProfitCenter.sql = ProfitCenter.sql
		ResetIdentityField.sql = ResetIdentityField.sql
		SecurityTables.sql = SecurityTables.sql
		TranslatedMessages_View.sql = TranslatedMessages_View.sql
		UpdateCheckDisbursementJournalItemTVP.sql = UpdateCheckDisbursementJournalItemTVP.sql
	EndProjectSection
EndProject
Project("{2150E333-8FDC-42A3-9474-1A3956D46DE8}") = "Table", "Table", "{6FD94599-A0DF-448F-BF82-CAB5948D5F53}"
	ProjectSection(SolutionItems) = preProject
		ChartAndChartBalance.sql = ChartAndChartBalance.sql
		DataBaseTable.sql = DataBaseTable.sql
		Earning-Deduction-Leave.sql = Earning-Deduction-Leave.sql
		Earning.sql = Earning.sql
		SecurityObjects.sql = SecurityObjects.sql
		Settings.sql = Settings.sql
	EndProjectSection
EndProject
Project("{2150E333-8FDC-42A3-9474-1A3956D46DE8}") = "Solution Items", "Solution Items", "{8AD3DFDF-C6F0-4B21-8A40-902BAAFF6682}"
	ProjectSection(SolutionItems) = preProject
		.editorconfig = .editorconfig
	EndProjectSection
EndProject
Project("{FAE04EC0-301F-11D3-BF4B-00C04F79EFBC}") = "MessageBoxManager", "Libraries\MessageBoxManager\MessageBoxManager.csproj", "{0E9D874E-5354-465E-9EC3-F7A35C268A8A}"
EndProject
Project("{F184B08F-C81C-45F6-A57F-5ABD9991F28F}") = "MessagingLibrary", "Libraries\MessagingLibrary\MessagingLibrary.vbproj", "{84437202-3E38-4F75-B8C1-4125852FC4FF}"
EndProject
Project("{F184B08F-C81C-45F6-A57F-5ABD9991F28F}") = "Events", "PresentationLayer\Events\Events.vbproj", "{5F7FCA73-07BA-444A-BE5D-6117B973AA3D}"
EndProject
Project("{00D1A9C2-B5F0-4AF3-8072-F6C62B433612}") = "IspDataDb", "IspDataDb\IspDataDb.sqlproj", "{14A99D93-2025-492C-ACDB-0554812B47CE}"
EndProject
Project("{2150E333-8FDC-42A3-9474-1A3956D46DE8}") = "UsefulQueries", "UsefulQueries", "{E0336D98-67DC-4134-9508-7F5598295FEC}"
	ProjectSection(SolutionItems) = preProject
		DeleteDuplicates.sql = DeleteDuplicates.sql
		QueryAvailableIdentityFieldSpace.sql = QueryAvailableIdentityFieldSpace.sql
		Reverse bit values.sql = Reverse bit values.sql
	EndProjectSection
EndProject
Project("{2150E333-8FDC-42A3-9474-1A3956D46DE8}") = "CreateIspdata", "CreateIspdata", "{D0B2F203-4601-4F73-89C4-C5A6FF4D4B99}"
	ProjectSection(SolutionItems) = preProject
		Change all 599 accountcode to 99 id no in account table.sql = Change all 599 accountcode to 99 id no in account table.sql
		Create Chart Balance.sql = Create Chart Balance.sql
		Create ISPDATA Database.sql = Create ISPDATA Database.sql
		Create Salt and user.sql = Create Salt and user.sql
	EndProjectSection
EndProject
Project("{778DAE3C-4631-46EA-AA77-85C1314464D9}") = "AatmInterfaces", "Libraries\AatmInterfaces\AatmInterfaces.vbproj", "{8BF1BE35-27DC-4B2F-B7DB-A2CF182BBC7C}"
EndProject
Project("{9A19103F-16F7-4668-BE54-9A1E7A4F7556}") = "CAccounts", "Accounts\CAccounts\CAccounts.csproj", "{DFF185B6-1B96-47F7-B39B-C4B114B3C581}"
EndProject
Project("{F184B08F-C81C-45F6-A57F-5ABD9991F28F}") = "gTimePickerTestForm", "Libraries\TimePicker\gTimePickerTestForm\gTimePickerTestForm.vbproj", "{1DF45376-8B34-40E8-9E01-8C4D83B3E56D}"
EndProject
Global
	GlobalSection(SolutionConfigurationPlatforms) = preSolution
		Debug|Any CPU = Debug|Any CPU
		Release|Any CPU = Release|Any CPU
	EndGlobalSection
	GlobalSection(ProjectConfigurationPlatforms) = postSolution
		{826EE6DC-954A-4C18-9108-EBD592FCB1E8}.Debug|Any CPU.ActiveCfg = Debug|Any CPU
		{826EE6DC-954A-4C18-9108-EBD592FCB1E8}.Debug|Any CPU.Build.0 = Debug|Any CPU
		{826EE6DC-954A-4C18-9108-EBD592FCB1E8}.Release|Any CPU.ActiveCfg = Debug|Any CPU
		{826EE6DC-954A-4C18-9108-EBD592FCB1E8}.Release|Any CPU.Build.0 = Debug|Any CPU
		{58F5EC33-2974-4823-AB62-1D4E5B3EF152}.Debug|Any CPU.ActiveCfg = Debug|Any CPU
		{58F5EC33-2974-4823-AB62-1D4E5B3EF152}.Debug|Any CPU.Build.0 = Debug|Any CPU
		{58F5EC33-2974-4823-AB62-1D4E5B3EF152}.Release|Any CPU.ActiveCfg = Release|Any CPU
		{58F5EC33-2974-4823-AB62-1D4E5B3EF152}.Release|Any CPU.Build.0 = Release|Any CPU
		{F991561A-78F8-487C-A873-E6436B41D801}.Debug|Any CPU.ActiveCfg = Debug|Any CPU
		{F991561A-78F8-487C-A873-E6436B41D801}.Debug|Any CPU.Build.0 = Debug|Any CPU
		{F991561A-78F8-487C-A873-E6436B41D801}.Release|Any CPU.ActiveCfg = Release|Any CPU
		{F991561A-78F8-487C-A873-E6436B41D801}.Release|Any CPU.Build.0 = Release|Any CPU
		{78A0AC9E-8E5C-422A-A45A-2BD0035F14E2}.Debug|Any CPU.ActiveCfg = Debug|Any CPU
		{78A0AC9E-8E5C-422A-A45A-2BD0035F14E2}.Debug|Any CPU.Build.0 = Debug|Any CPU
		{78A0AC9E-8E5C-422A-A45A-2BD0035F14E2}.Release|Any CPU.ActiveCfg = Release|Any CPU
		{78A0AC9E-8E5C-422A-A45A-2BD0035F14E2}.Release|Any CPU.Build.0 = Release|Any CPU
		{ABBF2275-7DFF-4724-98F9-71A2FD10B471}.Debug|Any CPU.ActiveCfg = Debug|Any CPU
		{ABBF2275-7DFF-4724-98F9-71A2FD10B471}.Debug|Any CPU.Build.0 = Debug|Any CPU
		{ABBF2275-7DFF-4724-98F9-71A2FD10B471}.Release|Any CPU.ActiveCfg = Release|Any CPU
		{ABBF2275-7DFF-4724-98F9-71A2FD10B471}.Release|Any CPU.Build.0 = Release|Any CPU
		{B56FDCD3-8B48-4859-983B-07FFA242673D}.Debug|Any CPU.ActiveCfg = Debug|Any CPU
		{B56FDCD3-8B48-4859-983B-07FFA242673D}.Debug|Any CPU.Build.0 = Debug|Any CPU
		{B56FDCD3-8B48-4859-983B-07FFA242673D}.Release|Any CPU.ActiveCfg = Release|Any CPU
		{B56FDCD3-8B48-4859-983B-07FFA242673D}.Release|Any CPU.Build.0 = Release|Any CPU
		{A7EE826E-E3B4-40A7-8754-285B373F4321}.Debug|Any CPU.ActiveCfg = Debug|Any CPU
		{A7EE826E-E3B4-40A7-8754-285B373F4321}.Debug|Any CPU.Build.0 = Debug|Any CPU
		{A7EE826E-E3B4-40A7-8754-285B373F4321}.Release|Any CPU.ActiveCfg = Release|Any CPU
		{A7EE826E-E3B4-40A7-8754-285B373F4321}.Release|Any CPU.Build.0 = Release|Any CPU
		{63AACD2C-A92E-4CF4-8F4D-49C774E2B1C6}.Debug|Any CPU.ActiveCfg = Debug|Any CPU
		{63AACD2C-A92E-4CF4-8F4D-49C774E2B1C6}.Debug|Any CPU.Build.0 = Debug|Any CPU
		{63AACD2C-A92E-4CF4-8F4D-49C774E2B1C6}.Release|Any CPU.ActiveCfg = Release|Any CPU
		{63AACD2C-A92E-4CF4-8F4D-49C774E2B1C6}.Release|Any CPU.Build.0 = Release|Any CPU
		{821EE93B-1DE7-414D-9612-960288F355FE}.Debug|Any CPU.ActiveCfg = Debug|Any CPU
		{821EE93B-1DE7-414D-9612-960288F355FE}.Debug|Any CPU.Build.0 = Debug|Any CPU
		{821EE93B-1DE7-414D-9612-960288F355FE}.Release|Any CPU.ActiveCfg = Release|Any CPU
		{821EE93B-1DE7-414D-9612-960288F355FE}.Release|Any CPU.Build.0 = Release|Any CPU
		{F1004885-D468-41ED-8572-5BA952B9C39E}.Debug|Any CPU.ActiveCfg = Debug|Any CPU
		{F1004885-D468-41ED-8572-5BA952B9C39E}.Debug|Any CPU.Build.0 = Debug|Any CPU
		{F1004885-D468-41ED-8572-5BA952B9C39E}.Release|Any CPU.ActiveCfg = Release|Any CPU
		{F1004885-D468-41ED-8572-5BA952B9C39E}.Release|Any CPU.Build.0 = Release|Any CPU
		{440C4740-2584-4050-9086-543018EAC766}.Debug|Any CPU.ActiveCfg = Debug|Any CPU
		{440C4740-2584-4050-9086-543018EAC766}.Debug|Any CPU.Build.0 = Debug|Any CPU
		{440C4740-2584-4050-9086-543018EAC766}.Release|Any CPU.ActiveCfg = Release|Any CPU
		{440C4740-2584-4050-9086-543018EAC766}.Release|Any CPU.Build.0 = Release|Any CPU
		{6A8692E0-9B9B-4F31-8BA6-0C3DE257F9A4}.Debug|Any CPU.ActiveCfg = Debug|Any CPU
		{6A8692E0-9B9B-4F31-8BA6-0C3DE257F9A4}.Debug|Any CPU.Build.0 = Debug|Any CPU
		{6A8692E0-9B9B-4F31-8BA6-0C3DE257F9A4}.Release|Any CPU.ActiveCfg = Release|Any CPU
		{6A8692E0-9B9B-4F31-8BA6-0C3DE257F9A4}.Release|Any CPU.Build.0 = Release|Any CPU
		{021A8A1A-B69A-4254-9081-12357F20C01B}.Debug|Any CPU.ActiveCfg = Debug|Any CPU
		{021A8A1A-B69A-4254-9081-12357F20C01B}.Debug|Any CPU.Build.0 = Debug|Any CPU
		{021A8A1A-B69A-4254-9081-12357F20C01B}.Release|Any CPU.ActiveCfg = Release|Any CPU
		{021A8A1A-B69A-4254-9081-12357F20C01B}.Release|Any CPU.Build.0 = Release|Any CPU
		{4EEDC5F0-DCA9-4CFB-8926-07D7E5B37FA0}.Debug|Any CPU.ActiveCfg = Debug|Any CPU
		{4EEDC5F0-DCA9-4CFB-8926-07D7E5B37FA0}.Debug|Any CPU.Build.0 = Debug|Any CPU
		{4EEDC5F0-DCA9-4CFB-8926-07D7E5B37FA0}.Release|Any CPU.ActiveCfg = Release|Any CPU
		{4EEDC5F0-DCA9-4CFB-8926-07D7E5B37FA0}.Release|Any CPU.Build.0 = Release|Any CPU
		{51DA927A-505F-49CF-9768-9E401219B91C}.Debug|Any CPU.ActiveCfg = Debug|Any CPU
		{51DA927A-505F-49CF-9768-9E401219B91C}.Release|Any CPU.ActiveCfg = Release|Any CPU
		{51DA927A-505F-49CF-9768-9E401219B91C}.Release|Any CPU.Build.0 = Release|Any CPU
		{4B7A1168-E9FA-4360-9607-A2C98255E4C0}.Debug|Any CPU.ActiveCfg = Debug|Any CPU
		{4B7A1168-E9FA-4360-9607-A2C98255E4C0}.Debug|Any CPU.Build.0 = Debug|Any CPU
		{4B7A1168-E9FA-4360-9607-A2C98255E4C0}.Release|Any CPU.ActiveCfg = Release|Any CPU
		{4B7A1168-E9FA-4360-9607-A2C98255E4C0}.Release|Any CPU.Build.0 = Release|Any CPU
		{B1B81E19-89AC-4859-BE75-CB05C7BE5105}.Debug|Any CPU.ActiveCfg = Debug|Any CPU
		{B1B81E19-89AC-4859-BE75-CB05C7BE5105}.Debug|Any CPU.Build.0 = Debug|Any CPU
		{B1B81E19-89AC-4859-BE75-CB05C7BE5105}.Release|Any CPU.ActiveCfg = Release|Any CPU
		{B1B81E19-89AC-4859-BE75-CB05C7BE5105}.Release|Any CPU.Build.0 = Release|Any CPU
		{0E9D874E-5354-465E-9EC3-F7A35C268A8A}.Debug|Any CPU.ActiveCfg = Debug|Any CPU
		{0E9D874E-5354-465E-9EC3-F7A35C268A8A}.Debug|Any CPU.Build.0 = Debug|Any CPU
		{0E9D874E-5354-465E-9EC3-F7A35C268A8A}.Release|Any CPU.ActiveCfg = Release|Any CPU
		{0E9D874E-5354-465E-9EC3-F7A35C268A8A}.Release|Any CPU.Build.0 = Release|Any CPU
		{84437202-3E38-4F75-B8C1-4125852FC4FF}.Debug|Any CPU.ActiveCfg = Debug|Any CPU
		{84437202-3E38-4F75-B8C1-4125852FC4FF}.Debug|Any CPU.Build.0 = Debug|Any CPU
		{84437202-3E38-4F75-B8C1-4125852FC4FF}.Release|Any CPU.ActiveCfg = Release|Any CPU
		{84437202-3E38-4F75-B8C1-4125852FC4FF}.Release|Any CPU.Build.0 = Release|Any CPU
		{5F7FCA73-07BA-444A-BE5D-6117B973AA3D}.Debug|Any CPU.ActiveCfg = Debug|Any CPU
		{5F7FCA73-07BA-444A-BE5D-6117B973AA3D}.Debug|Any CPU.Build.0 = Debug|Any CPU
		{5F7FCA73-07BA-444A-BE5D-6117B973AA3D}.Release|Any CPU.ActiveCfg = Release|Any CPU
		{5F7FCA73-07BA-444A-BE5D-6117B973AA3D}.Release|Any CPU.Build.0 = Release|Any CPU
		{14A99D93-2025-492C-ACDB-0554812B47CE}.Debug|Any CPU.ActiveCfg = Debug|Any CPU
		{14A99D93-2025-492C-ACDB-0554812B47CE}.Debug|Any CPU.Deploy.0 = Debug|Any CPU
		{14A99D93-2025-492C-ACDB-0554812B47CE}.Release|Any CPU.ActiveCfg = Release|Any CPU
		{14A99D93-2025-492C-ACDB-0554812B47CE}.Release|Any CPU.Build.0 = Release|Any CPU
		{14A99D93-2025-492C-ACDB-0554812B47CE}.Release|Any CPU.Deploy.0 = Release|Any CPU
		{8BF1BE35-27DC-4B2F-B7DB-A2CF182BBC7C}.Debug|Any CPU.ActiveCfg = Debug|Any CPU
		{8BF1BE35-27DC-4B2F-B7DB-A2CF182BBC7C}.Debug|Any CPU.Build.0 = Debug|Any CPU
		{8BF1BE35-27DC-4B2F-B7DB-A2CF182BBC7C}.Release|Any CPU.ActiveCfg = Release|Any CPU
		{8BF1BE35-27DC-4B2F-B7DB-A2CF182BBC7C}.Release|Any CPU.Build.0 = Release|Any CPU
		{DFF185B6-1B96-47F7-B39B-C4B114B3C581}.Debug|Any CPU.ActiveCfg = Debug|Any CPU
		{DFF185B6-1B96-47F7-B39B-C4B114B3C581}.Debug|Any CPU.Build.0 = Debug|Any CPU
		{DFF185B6-1B96-47F7-B39B-C4B114B3C581}.Release|Any CPU.ActiveCfg = Release|Any CPU
		{DFF185B6-1B96-47F7-B39B-C4B114B3C581}.Release|Any CPU.Build.0 = Release|Any CPU
		{1DF45376-8B34-40E8-9E01-8C4D83B3E56D}.Debug|Any CPU.ActiveCfg = Debug|Any CPU
		{1DF45376-8B34-40E8-9E01-8C4D83B3E56D}.Debug|Any CPU.Build.0 = Debug|Any CPU
		{1DF45376-8B34-40E8-9E01-8C4D83B3E56D}.Release|Any CPU.ActiveCfg = Release|Any CPU
		{1DF45376-8B34-40E8-9E01-8C4D83B3E56D}.Release|Any CPU.Build.0 = Release|Any CPU
	EndGlobalSection
	GlobalSection(SolutionProperties) = preSolution
		HideSolutionNode = FALSE
	EndGlobalSection
	GlobalSection(NestedProjects) = preSolution
		{58F5EC33-2974-4823-AB62-1D4E5B3EF152} = {A6C79BF6-2C34-4AEA-9845-360F48976962}
		{F991561A-78F8-487C-A873-E6436B41D801} = {A6C79BF6-2C34-4AEA-9845-360F48976962}
		{78A0AC9E-8E5C-422A-A45A-2BD0035F14E2} = {A6C79BF6-2C34-4AEA-9845-360F48976962}
		{ABBF2275-7DFF-4724-98F9-71A2FD10B471} = {A6C79BF6-2C34-4AEA-9845-360F48976962}
		{B56FDCD3-8B48-4859-983B-07FFA242673D} = {A6C79BF6-2C34-4AEA-9845-360F48976962}
		{A7EE826E-E3B4-40A7-8754-285B373F4321} = {A6C79BF6-2C34-4AEA-9845-360F48976962}
		{63AACD2C-A92E-4CF4-8F4D-49C774E2B1C6} = {A6C79BF6-2C34-4AEA-9845-360F48976962}
		{821EE93B-1DE7-414D-9612-960288F355FE} = {A6C79BF6-2C34-4AEA-9845-360F48976962}
		{6A8692E0-9B9B-4F31-8BA6-0C3DE257F9A4} = {66D0E355-CA37-4EEF-B18D-D4A9093BB11C}
		{021A8A1A-B69A-4254-9081-12357F20C01B} = {66D0E355-CA37-4EEF-B18D-D4A9093BB11C}
		{4EEDC5F0-DCA9-4CFB-8926-07D7E5B37FA0} = {66D0E355-CA37-4EEF-B18D-D4A9093BB11C}
		{51DA927A-505F-49CF-9768-9E401219B91C} = {66D0E355-CA37-4EEF-B18D-D4A9093BB11C}
		{5DC97E00-8C55-479E-94C2-19679791F55C} = {0598D101-4147-476C-98FF-8C78D96B971E}
		{6FD94599-A0DF-448F-BF82-CAB5948D5F53} = {0598D101-4147-476C-98FF-8C78D96B971E}
		{0E9D874E-5354-465E-9EC3-F7A35C268A8A} = {A6C79BF6-2C34-4AEA-9845-360F48976962}
		{84437202-3E38-4F75-B8C1-4125852FC4FF} = {A6C79BF6-2C34-4AEA-9845-360F48976962}
		{5F7FCA73-07BA-444A-BE5D-6117B973AA3D} = {66D0E355-CA37-4EEF-B18D-D4A9093BB11C}
		{E0336D98-67DC-4134-9508-7F5598295FEC} = {0598D101-4147-476C-98FF-8C78D96B971E}
		{D0B2F203-4601-4F73-89C4-C5A6FF4D4B99} = {0598D101-4147-476C-98FF-8C78D96B971E}
		{8BF1BE35-27DC-4B2F-B7DB-A2CF182BBC7C} = {A6C79BF6-2C34-4AEA-9845-360F48976962}
		{1DF45376-8B34-40E8-9E01-8C4D83B3E56D} = {A6C79BF6-2C34-4AEA-9845-360F48976962}
	EndGlobalSection
	GlobalSection(ExtensibilityGlobals) = postSolution
		SolutionGuid = {433E9001-0D97-4552-9BF4-6FED04B194AE}
	EndGlobalSection
EndGlobal
