
Microsoft Visual Studio Solution File, Format Version 12.00
# Visual Studio Version 17
VisualStudioVersion = 17.5.33530.505
MinimumVisualStudioVersion = 10.0.40219.1
Project("{2150E333-8FDC-42A3-9474-1A3956D46DE8}") = "Documents", "Documents", "{0598D101-4147-476C-98FF-8C78D96B971E}"
	ProjectSection(SolutionItems) = preProject
		AI Sample Prompts.txt = AI Sample Prompts.txt
		App.config = App.config
		C-Sharp to VB Net Translation.txt = C-Sharp to VB Net Translation.txt
		ComputeClientFormSizeEqually.txt = ComputeClientFormSizeEqually.txt
		Create JournalPrefix.sql = Create JournalPrefix.sql
		CreateBaseSecurityObject.sql = CreateBaseSecurityObject.sql
		CreatePayElementGroups.sql = CreatePayElementGroups.sql
		CreateProgramSecurities(non menu).sql = CreateProgramSecurities(non menu).sql
		Data Save Heirarchy = Data Save Heirarchy
		DO THIS NOW.txt = DO THIS NOW.txt
		Error correction for DTC error.pdf = Error correction for DTC error.pdf
		HomeSqlDataStructures.sql = HomeSqlDataStructures.sql
		HomeSqlIspdata.sql = HomeSqlIspdata.sql
		Installation Steps.txt = Installation Steps.txt
		OldSecurityObjects.sql = OldSecurityObjects.sql
		Sample Timer.txt = Sample Timer.txt
		SampleHL7Message.txt = SampleHL7Message.txt
		Steps to install a trusted SSL Certificate on my Sql server.txt = Steps to install a trusted SSL Certificate on my Sql server.txt
		TextFile2.txt = TextFile2.txt
		TextFile3.txt = TextFile3.txt
		ToDo.txt = ToDo.txt
		Translations.txt = Translations.txt
		Update Approved Fields.sql = Update Approved Fields.sql
		Winforms Grid CRUD Full Reference and Best Practice.html = Winforms Grid CRUD Full Reference and Best Practice.html
	EndProjectSection
EndProject
Project("{2150E333-8FDC-42A3-9474-1A3956D46DE8}") = "Views", "Views", "{5DC97E00-8C55-479E-94C2-19679791F55C}"
	ProjectSection(SolutionItems) = preProject
		ApDetails_View.sql = ApDetails_View.sql
		Cache Implementation for DatabaseTranslationService.txt = Cache Implementation for DatabaseTranslationService.txt
		CheckDisbursementJournalItem_View.sql = CheckDisbursementJournalItem_View.sql
		CommonErrors.txt = CommonErrors.txt
		Console Program to read text.txt = Console Program to read text.txt
		CostCenter_View.sql = CostCenter_View.sql
		CreateAllViews.sql = CreateAllViews.sql
		CreateAllViews.txt = CreateAllViews.txt
		CrystalErrorDataOnFirstLineNotAppearing.txt = CrystalErrorDataOnFirstLineNotAppearing.txt
		DeleteDuplicate.sql = DeleteDuplicate.sql
		Dynamically Create Table.sql = Dynamically Create Table.sql
		EmployeeFileNDesignations.sql = EmployeeFileNDesignations.sql
		FringeBenefits.sql = FringeBenefits.sql
		HomeSqlIspdata.sql = HomeSqlIspdata.sql
		Important Information to Know.txt = Important Information to Know.txt
		InsertCheckDisbursementJournalItemTVP.sql = InsertCheckDisbursementJournalItemTVP.sql
		PaperSize.txt = PaperSize.txt
		PayGroups.sql = PayGroups.sql
		PMRDoctorsGenForm_View.sql = PMRDoctorsGenForm_View.sql
		PMRMedNInvestigationPrint_View.sql = PMRMedNInvestigationPrint_View.sql
		Possible BugsErrors = Possible BugsErrors
		ProfitCenter.sql = ProfitCenter.sql
		SecurityTables.sql = SecurityTables.sql
		SqlQuery_1.sql = SqlQuery_1.sql
		SqlQuery_7.sql = SqlQuery_7.sql
		TranslatedMessages_View.sql = TranslatedMessages_View.sql
		UpdateCheckDisbursementJournalItemTVP.sql = UpdateCheckDisbursementJournalItemTVP.sql
		UpdateChildData = UpdateChildData
	EndProjectSection
EndProject
Project("{2150E333-8FDC-42A3-9474-1A3956D46DE8}") = "Table", "Table", "{6FD94599-A0DF-448F-BF82-CAB5948D5F53}"
	ProjectSection(SolutionItems) = preProject
		ChartAndChartBalance.sql = ChartAndChartBalance.sql
		ClinicInvoicePrint.sql = ClinicInvoicePrint.sql
		CreateDepartment.sql = CreateDepartment.sql
		DataBaseTable.sql = DataBaseTable.sql
		Earning-Deduction-Leave.sql = Earning-Deduction-Leave.sql
		Earning.sql = Earning.sql
		Lists.sql = Lists.sql
		Report.sql = Report.sql
		ReportNew.sql = ReportNew.sql
		SecurityObjects.sql = SecurityObjects.sql
		Settings.sql = Settings.sql
		SqlQuery_1.sql = SqlQuery_1.sql
	EndProjectSection
EndProject
Project("{00D1A9C2-B5F0-4AF3-8072-F6C62B433612}") = "IspDataDb", "IspDataDb\IspDataDb.sqlproj", "{14A99D93-2025-492C-ACDB-0554812B47CE}"
EndProject
Project("{2150E333-8FDC-42A3-9474-1A3956D46DE8}") = "UsefulQueries", "UsefulQueries", "{E0336D98-67DC-4134-9508-7F5598295FEC}"
	ProjectSection(SolutionItems) = preProject
		Add a new identity to an existing  table = Add a new identity to an existing  table
		Add constraint for not duplicate values including null values.sql = Add constraint for not duplicate values including null values.sql
		Append a table to a new table.sql = Append a table to a new table.sql
		Check for Duplicate Item RegistraTION pHARMACY.txt = Check for Duplicate Item RegistraTION pHARMACY.txt
		Close all connections.sql = Close all connections.sql
		Create Unique Index with null values.sql = Create Unique Index with null values.sql
		CreateEditReset Sequence.sql = CreateEditReset Sequence.sql
		Delete or restore Archirodon.sql = Delete or restore Archirodon.sql
		DeleteDuplicateProblem.sql = DeleteDuplicateProblem.sql
		DeleteDuplicates.sql = DeleteDuplicates.sql
		EditingSqlQuery.sql = EditingSqlQuery.sql
		Extract Varchar Fields to Images.sql = Extract Varchar Fields to Images.sql
		Find all object references for a specific object.sql = Find all object references for a specific object.sql
		Find all objects with a specific name.sql = Find all objects with a specific name.sql
		Find all tables with a specific column name.sql = Find all tables with a specific column name.sql
		Find All Tables without Primary KEy.sql = Find All Tables without Primary KEy.sql
		Find duplicate fields in a table.sql = Find duplicate fields in a table.sql
		Find Missing Item_Code in ItemDetails IGROUP.sql = Find Missing Item_Code in ItemDetails IGROUP.sql
		FindDuplicateValuesInACustomObject = FindDuplicateValuesInACustomObject
		FindItemInComboboxControlDataSource = FindItemInComboboxControlDataSource
		FindStringInAllTablesInAllColumns.sql = FindStringInAllTablesInAllColumns.sql
		Look for tables containing field name.sql = Look for tables containing field name.sql
		Query changed tables in a database.sql = Query changed tables in a database.sql
		Query compare total from one table to total from a sub table.sql = Query compare total from one table to total from a sub table.sql
		Query Sql Database for a certain name.sql = Query Sql Database for a certain name.sql
		Query tables for Creation Date.sql = Query tables for Creation Date.sql
		QueryAvailableIdentityFieldSpace.sql = QueryAvailableIdentityFieldSpace.sql
		QueryWrongAccountsInReconciliation.sql = QueryWrongAccountsInReconciliation.sql
		REplace field with a sequential number.sql = REplace field with a sequential number.sql
		ResetIdentityField.sql = ResetIdentityField.sql
		Reverse bit values.sql = Reverse bit values.sql
		SearchDatabaseForASpecificColumnName.sql = SearchDatabaseForASpecificColumnName.sql
		Set sequential unique number to a field.sql = Set sequential unique number to a field.sql
		SqlQuery_2.sql = SqlQuery_2.sql
		TextFile1.txt = TextFile1.txt
		Update Query with Join.sql = Update Query with Join.sql
		Update TradeName.sql = Update TradeName.sql
	EndProjectSection
EndProject
Project("{2150E333-8FDC-42A3-9474-1A3956D46DE8}") = "CreateIspdata", "CreateIspdata", "{D0B2F203-4601-4F73-89C4-C5A6FF4D4B99}"
	ProjectSection(SolutionItems) = preProject
		Change all 599 accountcode to 99 id no in account table.sql = Change all 599 accountcode to 99 id no in account table.sql
		Create Chart Balance.sql = Create Chart Balance.sql
		Create ISPDATA Database.sql = Create ISPDATA Database.sql
		Create Posting Querry for InvTransactionDetails = Create Posting Querry for InvTransactionDetails
		Create Product from IGroupCLinic Data = Create Product from IGroupCLinic Data
		Create ProductUnit = Create ProductUnit
		Create Purchase = Create Purchase
		Create PurchaseDetail = Create PurchaseDetail
		Create Salt and user.sql = Create Salt and user.sql
		Transfer IGroupCLinic dta to ISPDATA = Transfer IGroupCLinic dta to ISPDATA
	EndProjectSection
EndProject
Project("{2150E333-8FDC-42A3-9474-1A3956D46DE8}") = "Problems And Solutions", "Problems And Solutions", "{981A0171-5E5E-461E-A09A-DE12F781F288}"
	ProjectSection(SolutionItems) = preProject
		Bug on combobox displaymember = Bug on combobox displaymember
		code 0x0000011b - printng error.txt = code 0x0000011b - printng error.txt
		Error correction for DTC error.pdf = Error correction for DTC error.pdf
		Problem when arabic menu not appearing.txt = Problem when arabic menu not appearing.txt
	EndProjectSection
EndProject
Project("{2150E333-8FDC-42A3-9474-1A3956D46DE8}") = "IGroup", "IGroup", "{B5D54750-F102-47FF-BDF7-A67CB2A5A22D}"
	ProjectSection(SolutionItems) = preProject
		patientprofile_view.sql = patientprofile_view.sql
		PatientProfile_View2.sql = PatientProfile_View2.sql
		SqlQuery_5.sql = SqlQuery_5.sql
		SqlQuery_6.sql = SqlQuery_6.sql
	EndProjectSection
EndProject
Project("{2150E333-8FDC-42A3-9474-1A3956D46DE8}") = "ToDos", "ToDos", "{E4F0E91F-DE65-4117-B6A5-99AFD8AF8DC3}"
	ProjectSection(SolutionItems) = preProject
		01-DrugSale_View.sql = 01-DrugSale_View.sql
		02-do this first.txt = 02-do this first.txt
		ClinicBeginningStock = ClinicBeginningStock
		CommonErrors.txt = CommonErrors.txt
		Pharmacy.exe.config = Pharmacy.exe.config
		Sample Data.txt = Sample Data.txt
	EndProjectSection
EndProject
Project("{2150E333-8FDC-42A3-9474-1A3956D46DE8}") = "ProgramTemplates", "ProgramTemplates", "{D0B01D55-90CD-4F17-9FE8-92C4E06ADE25}"
	ProjectSection(SolutionItems) = preProject
		ExecuteMultipleSqlStatementsInATransaction.Vb = ExecuteMultipleSqlStatementsInATransaction.Vb
		OnCellFormating.vb = OnCellFormating.vb
		SampleManualMapping = SampleManualMapping
	EndProjectSection
EndProject
Project("{2150E333-8FDC-42A3-9474-1A3956D46DE8}") = "Templates", "Templates", "{53F1E513-02CC-40BF-A697-B1D602FDFDFC}"
	ProjectSection(SolutionItems) = preProject
		EntryFields.vb = EntryFields.vb
	EndProjectSection
EndProject
Project("{2150E333-8FDC-42A3-9474-1A3956D46DE8}") = "Design", "Design", "{61A224B6-BA57-44B7-81AD-540F2E146641}"
EndProject
Project("{2150E333-8FDC-42A3-9474-1A3956D46DE8}") = "Core", "Core", "{B4F2ECE8-51A5-4A72-B503-5DDD564D7AD9}"
EndProject
Project("{2150E333-8FDC-42A3-9474-1A3956D46DE8}") = "Modules", "Modules", "{0B32745D-2C90-4434-A390-C3A3A46732FE}"
EndProject
Project("{FAE04EC0-301F-11D3-BF4B-00C04F79EFBC}") = "AATM.Core.Configuration", "Core\Configuration\AATM.CORE.Configuration\AATM.Core.Configuration.csproj", "{161A1671-FF81-0C1D-3304-D104941735FD}"
EndProject
Project("{2150E333-8FDC-42A3-9474-1A3956D46DE8}") = "Contracts", "Contracts", "{4A01AB0C-CCCD-420C-9557-42CD07E9BB70}"
EndProject
Project("{2150E333-8FDC-42A3-9474-1A3956D46DE8}") = "Services", "Services", "{CC659FEB-5A2C-4844-87BD-6D4D152A0366}"
EndProject
Project("{2150E333-8FDC-42A3-9474-1A3956D46DE8}") = "App", "App", "{B27DE984-FC99-4B6F-933D-2FB8934305C2}"
EndProject
Project("{2150E333-8FDC-42A3-9474-1A3956D46DE8}") = "DataAccess", "DataAccess", "{68B82970-4F3D-411C-A4DF-31E64C2F1DC0}"
EndProject
Project("{FAE04EC0-301F-11D3-BF4B-00C04F79EFBC}") = "AATM.DataAccess", "DataAccess\AATM.DataAccess\AATM.DataAccess.csproj", "{72DFFF29-2590-00B6-1F3D-E5F62E08D951}"
EndProject
Project("{2150E333-8FDC-42A3-9474-1A3956D46DE8}") = "Documentation", "Documentation", "{740ABB06-3D3F-4317-A0F1-3D1F6B48C4C2}"
	ProjectSection(SolutionItems) = preProject
		BaseGridCrudForm and its key features.txt = BaseGridCrudForm and its key features.txt
	EndProjectSection
EndProject
Project("{FAE04EC0-301F-11D3-BF4B-00C04F79EFBC}") = "AATM.App.HisWpf", "App\AATM.App.HisWpf\AATM.App.HisWpf.csproj", "{09365B55-0F44-4247-8543-F794CB5D71AF}"
EndProject
Project("{FAE04EC0-301F-11D3-BF4B-00C04F79EFBC}") = "AATM.Contracts", "Wpf\AATM.Contracts\AATM.Contracts.csproj", "{DD52CE68-7575-4AD0-ADB4-E194BE64B923}"
EndProject
Project("{FAE04EC0-301F-11D3-BF4B-00C04F79EFBC}") = "AATM.DataAccess.Sql", "DataAccess\AATM.DataAccess.Sql\AATM.DataAccess.Sql.csproj", "{151A1B28-30BC-EDFA-B751-D48A1151E8BB}"
EndProject
Project("{FAE04EC0-301F-11D3-BF4B-00C04F79EFBC}") = "AATM.Services", "Services\AATM.Services\AATM.Services.csproj", "{F402026C-776D-4281-9353-F36277F17561}"
EndProject
Project("{FAE04EC0-301F-11D3-BF4B-00C04F79EFBC}") = "AATM.Modules.Localization", "Modules\AATM.Modules.Localization\AATM.Modules.Localization.csproj", "{71CD3BC3-EDCF-736C-D498-677570463108}"
EndProject
Project("{FAE04EC0-301F-11D3-BF4B-00C04F79EFBC}") = "AATM.Core.Localization", "Localization\AATM.Core.Localization\AATM.Core.Localization.csproj", "{B94505A9-4B56-45FA-B3D2-9A5DC530E184}"
EndProject
Project("{2150E333-8FDC-42A3-9474-1A3956D46DE8}") = "Business", "Business", "{02EA681E-C7D8-13C7-8484-4AC65E1B71E8}"
EndProject
Project("{FAE04EC0-301F-11D3-BF4B-00C04F79EFBC}") = "AATM.Business.Validation", "Business\AATM.Business.Validation\AATM.Business.Validation.csproj", "{905AF206-1CC9-416F-B596-8F99E0230E0C}"
EndProject
Project("{FAE04EC0-301F-11D3-BF4B-00C04F79EFBC}") = "AATM.Modules.Security", "Modules\AATM.Modules.Security\AATM.Modules.Security.csproj", "{95F9ECBD-1D58-4B6A-A970-55C483958E68}"
EndProject
Project("{FAE04EC0-301F-11D3-BF4B-00C04F79EFBC}") = "AATM.App.CommonUI", "App\AATM.App.CommonUI\AATM.App.CommonUI.csproj", "{DB8C23B5-034C-49F9-B5B9-57BCC66A93A7}"
EndProject
Project("{FAE04EC0-301F-11D3-BF4B-00C04F79EFBC}") = "AATM.UI.Controls", "UI\AATM.UI.Controls\AATM.UI.Controls.csproj", "{D8CC3680-36EE-40C1-856D-09F6AF1FCCFB}"
EndProject
Project("{2150E333-8FDC-42A3-9474-1A3956D46DE8}") = "UI", "UI", "{40B61C28-9B15-4E8A-9238-39778056E65C}"
EndProject
Project("{FAE04EC0-301F-11D3-BF4B-00C04F79EFBC}") = "Sample", "Sample\Sample\Sample.csproj", "{E7F80934-B391-400C-A018-485DF004FCE1}"
EndProject
Global
	GlobalSection(SolutionConfigurationPlatforms) = preSolution
		Debug (.NET 3.5)|Any CPU = Debug (.NET 3.5)|Any CPU
		Debug|Any CPU = Debug|Any CPU
		Release (.NET 3.5)|Any CPU = Release (.NET 3.5)|Any CPU
		Release|Any CPU = Release|Any CPU
	EndGlobalSection
	GlobalSection(ProjectConfigurationPlatforms) = postSolution
		{14A99D93-2025-492C-ACDB-0554812B47CE}.Debug (.NET 3.5)|Any CPU.ActiveCfg = Debug|Any CPU
		{14A99D93-2025-492C-ACDB-0554812B47CE}.Debug (.NET 3.5)|Any CPU.Build.0 = Debug|Any CPU
		{14A99D93-2025-492C-ACDB-0554812B47CE}.Debug (.NET 3.5)|Any CPU.Deploy.0 = Debug|Any CPU
		{14A99D93-2025-492C-ACDB-0554812B47CE}.Debug|Any CPU.ActiveCfg = Debug|Any CPU
		{14A99D93-2025-492C-ACDB-0554812B47CE}.Debug|Any CPU.Build.0 = Debug|Any CPU
		{14A99D93-2025-492C-ACDB-0554812B47CE}.Debug|Any CPU.Deploy.0 = Debug|Any CPU
		{14A99D93-2025-492C-ACDB-0554812B47CE}.Release (.NET 3.5)|Any CPU.ActiveCfg = Release|Any CPU
		{14A99D93-2025-492C-ACDB-0554812B47CE}.Release (.NET 3.5)|Any CPU.Build.0 = Release|Any CPU
		{14A99D93-2025-492C-ACDB-0554812B47CE}.Release (.NET 3.5)|Any CPU.Deploy.0 = Release|Any CPU
		{14A99D93-2025-492C-ACDB-0554812B47CE}.Release|Any CPU.ActiveCfg = Release|Any CPU
		{14A99D93-2025-492C-ACDB-0554812B47CE}.Release|Any CPU.Build.0 = Release|Any CPU
		{14A99D93-2025-492C-ACDB-0554812B47CE}.Release|Any CPU.Deploy.0 = Release|Any CPU
		{161A1671-FF81-0C1D-3304-D104941735FD}.Debug (.NET 3.5)|Any CPU.ActiveCfg = Debug|Any CPU
		{161A1671-FF81-0C1D-3304-D104941735FD}.Debug (.NET 3.5)|Any CPU.Build.0 = Debug|Any CPU
		{161A1671-FF81-0C1D-3304-D104941735FD}.Debug|Any CPU.ActiveCfg = Debug|Any CPU
		{161A1671-FF81-0C1D-3304-D104941735FD}.Debug|Any CPU.Build.0 = Debug|Any CPU
		{161A1671-FF81-0C1D-3304-D104941735FD}.Release (.NET 3.5)|Any CPU.ActiveCfg = Release|Any CPU
		{161A1671-FF81-0C1D-3304-D104941735FD}.Release (.NET 3.5)|Any CPU.Build.0 = Release|Any CPU
		{161A1671-FF81-0C1D-3304-D104941735FD}.Release|Any CPU.ActiveCfg = Release|Any CPU
		{161A1671-FF81-0C1D-3304-D104941735FD}.Release|Any CPU.Build.0 = Release|Any CPU
		{72DFFF29-2590-00B6-1F3D-E5F62E08D951}.Debug (.NET 3.5)|Any CPU.ActiveCfg = Debug|Any CPU
		{72DFFF29-2590-00B6-1F3D-E5F62E08D951}.Debug (.NET 3.5)|Any CPU.Build.0 = Debug|Any CPU
		{72DFFF29-2590-00B6-1F3D-E5F62E08D951}.Debug|Any CPU.ActiveCfg = Debug|Any CPU
		{72DFFF29-2590-00B6-1F3D-E5F62E08D951}.Debug|Any CPU.Build.0 = Debug|Any CPU
		{72DFFF29-2590-00B6-1F3D-E5F62E08D951}.Release (.NET 3.5)|Any CPU.ActiveCfg = Release|Any CPU
		{72DFFF29-2590-00B6-1F3D-E5F62E08D951}.Release (.NET 3.5)|Any CPU.Build.0 = Release|Any CPU
		{72DFFF29-2590-00B6-1F3D-E5F62E08D951}.Release|Any CPU.ActiveCfg = Release|Any CPU
		{72DFFF29-2590-00B6-1F3D-E5F62E08D951}.Release|Any CPU.Build.0 = Release|Any CPU
		{09365B55-0F44-4247-8543-F794CB5D71AF}.Debug (.NET 3.5)|Any CPU.ActiveCfg = Debug|Any CPU
		{09365B55-0F44-4247-8543-F794CB5D71AF}.Debug (.NET 3.5)|Any CPU.Build.0 = Debug|Any CPU
		{09365B55-0F44-4247-8543-F794CB5D71AF}.Debug|Any CPU.ActiveCfg = Debug|Any CPU
		{09365B55-0F44-4247-8543-F794CB5D71AF}.Debug|Any CPU.Build.0 = Debug|Any CPU
		{09365B55-0F44-4247-8543-F794CB5D71AF}.Release (.NET 3.5)|Any CPU.ActiveCfg = Release|Any CPU
		{09365B55-0F44-4247-8543-F794CB5D71AF}.Release (.NET 3.5)|Any CPU.Build.0 = Release|Any CPU
		{09365B55-0F44-4247-8543-F794CB5D71AF}.Release|Any CPU.ActiveCfg = Release|Any CPU
		{09365B55-0F44-4247-8543-F794CB5D71AF}.Release|Any CPU.Build.0 = Release|Any CPU
		{DD52CE68-7575-4AD0-ADB4-E194BE64B923}.Debug (.NET 3.5)|Any CPU.ActiveCfg = Debug|Any CPU
		{DD52CE68-7575-4AD0-ADB4-E194BE64B923}.Debug (.NET 3.5)|Any CPU.Build.0 = Debug|Any CPU
		{DD52CE68-7575-4AD0-ADB4-E194BE64B923}.Debug|Any CPU.ActiveCfg = Debug|Any CPU
		{DD52CE68-7575-4AD0-ADB4-E194BE64B923}.Debug|Any CPU.Build.0 = Debug|Any CPU
		{DD52CE68-7575-4AD0-ADB4-E194BE64B923}.Release (.NET 3.5)|Any CPU.ActiveCfg = Release|Any CPU
		{DD52CE68-7575-4AD0-ADB4-E194BE64B923}.Release (.NET 3.5)|Any CPU.Build.0 = Release|Any CPU
		{DD52CE68-7575-4AD0-ADB4-E194BE64B923}.Release|Any CPU.ActiveCfg = Release|Any CPU
		{DD52CE68-7575-4AD0-ADB4-E194BE64B923}.Release|Any CPU.Build.0 = Release|Any CPU
		{151A1B28-30BC-EDFA-B751-D48A1151E8BB}.Debug (.NET 3.5)|Any CPU.ActiveCfg = Debug|Any CPU
		{151A1B28-30BC-EDFA-B751-D48A1151E8BB}.Debug (.NET 3.5)|Any CPU.Build.0 = Debug|Any CPU
		{151A1B28-30BC-EDFA-B751-D48A1151E8BB}.Debug|Any CPU.ActiveCfg = Debug|Any CPU
		{151A1B28-30BC-EDFA-B751-D48A1151E8BB}.Debug|Any CPU.Build.0 = Debug|Any CPU
		{151A1B28-30BC-EDFA-B751-D48A1151E8BB}.Release (.NET 3.5)|Any CPU.ActiveCfg = Release|Any CPU
		{151A1B28-30BC-EDFA-B751-D48A1151E8BB}.Release (.NET 3.5)|Any CPU.Build.0 = Release|Any CPU
		{151A1B28-30BC-EDFA-B751-D48A1151E8BB}.Release|Any CPU.ActiveCfg = Release|Any CPU
		{151A1B28-30BC-EDFA-B751-D48A1151E8BB}.Release|Any CPU.Build.0 = Release|Any CPU
		{F402026C-776D-4281-9353-F36277F17561}.Debug (.NET 3.5)|Any CPU.ActiveCfg = Debug|Any CPU
		{F402026C-776D-4281-9353-F36277F17561}.Debug (.NET 3.5)|Any CPU.Build.0 = Debug|Any CPU
		{F402026C-776D-4281-9353-F36277F17561}.Debug|Any CPU.ActiveCfg = Debug|Any CPU
		{F402026C-776D-4281-9353-F36277F17561}.Debug|Any CPU.Build.0 = Debug|Any CPU
		{F402026C-776D-4281-9353-F36277F17561}.Release (.NET 3.5)|Any CPU.ActiveCfg = Release|Any CPU
		{F402026C-776D-4281-9353-F36277F17561}.Release (.NET 3.5)|Any CPU.Build.0 = Release|Any CPU
		{F402026C-776D-4281-9353-F36277F17561}.Release|Any CPU.ActiveCfg = Release|Any CPU
		{F402026C-776D-4281-9353-F36277F17561}.Release|Any CPU.Build.0 = Release|Any CPU
		{71CD3BC3-EDCF-736C-D498-677570463108}.Debug (.NET 3.5)|Any CPU.ActiveCfg = Debug|Any CPU
		{71CD3BC3-EDCF-736C-D498-677570463108}.Debug (.NET 3.5)|Any CPU.Build.0 = Debug|Any CPU
		{71CD3BC3-EDCF-736C-D498-677570463108}.Debug|Any CPU.ActiveCfg = Debug|Any CPU
		{71CD3BC3-EDCF-736C-D498-677570463108}.Debug|Any CPU.Build.0 = Debug|Any CPU
		{71CD3BC3-EDCF-736C-D498-677570463108}.Release (.NET 3.5)|Any CPU.ActiveCfg = Release|Any CPU
		{71CD3BC3-EDCF-736C-D498-677570463108}.Release (.NET 3.5)|Any CPU.Build.0 = Release|Any CPU
		{71CD3BC3-EDCF-736C-D498-677570463108}.Release|Any CPU.ActiveCfg = Release|Any CPU
		{71CD3BC3-EDCF-736C-D498-677570463108}.Release|Any CPU.Build.0 = Release|Any CPU
		{B94505A9-4B56-45FA-B3D2-9A5DC530E184}.Debug (.NET 3.5)|Any CPU.ActiveCfg = Debug|Any CPU
		{B94505A9-4B56-45FA-B3D2-9A5DC530E184}.Debug (.NET 3.5)|Any CPU.Build.0 = Debug|Any CPU
		{B94505A9-4B56-45FA-B3D2-9A5DC530E184}.Debug|Any CPU.ActiveCfg = Debug|Any CPU
		{B94505A9-4B56-45FA-B3D2-9A5DC530E184}.Debug|Any CPU.Build.0 = Debug|Any CPU
		{B94505A9-4B56-45FA-B3D2-9A5DC530E184}.Release (.NET 3.5)|Any CPU.ActiveCfg = Release|Any CPU
		{B94505A9-4B56-45FA-B3D2-9A5DC530E184}.Release (.NET 3.5)|Any CPU.Build.0 = Release|Any CPU
		{B94505A9-4B56-45FA-B3D2-9A5DC530E184}.Release|Any CPU.ActiveCfg = Release|Any CPU
		{B94505A9-4B56-45FA-B3D2-9A5DC530E184}.Release|Any CPU.Build.0 = Release|Any CPU
		{905AF206-1CC9-416F-B596-8F99E0230E0C}.Debug (.NET 3.5)|Any CPU.ActiveCfg = Debug|Any CPU
		{905AF206-1CC9-416F-B596-8F99E0230E0C}.Debug (.NET 3.5)|Any CPU.Build.0 = Debug|Any CPU
		{905AF206-1CC9-416F-B596-8F99E0230E0C}.Debug|Any CPU.ActiveCfg = Debug|Any CPU
		{905AF206-1CC9-416F-B596-8F99E0230E0C}.Debug|Any CPU.Build.0 = Debug|Any CPU
		{905AF206-1CC9-416F-B596-8F99E0230E0C}.Release (.NET 3.5)|Any CPU.ActiveCfg = Release|Any CPU
		{905AF206-1CC9-416F-B596-8F99E0230E0C}.Release (.NET 3.5)|Any CPU.Build.0 = Release|Any CPU
		{905AF206-1CC9-416F-B596-8F99E0230E0C}.Release|Any CPU.ActiveCfg = Release|Any CPU
		{905AF206-1CC9-416F-B596-8F99E0230E0C}.Release|Any CPU.Build.0 = Release|Any CPU
		{95F9ECBD-1D58-4B6A-A970-55C483958E68}.Debug (.NET 3.5)|Any CPU.ActiveCfg = Debug|Any CPU
		{95F9ECBD-1D58-4B6A-A970-55C483958E68}.Debug (.NET 3.5)|Any CPU.Build.0 = Debug|Any CPU
		{95F9ECBD-1D58-4B6A-A970-55C483958E68}.Debug|Any CPU.ActiveCfg = Debug|Any CPU
		{95F9ECBD-1D58-4B6A-A970-55C483958E68}.Debug|Any CPU.Build.0 = Debug|Any CPU
		{95F9ECBD-1D58-4B6A-A970-55C483958E68}.Release (.NET 3.5)|Any CPU.ActiveCfg = Release|Any CPU
		{95F9ECBD-1D58-4B6A-A970-55C483958E68}.Release (.NET 3.5)|Any CPU.Build.0 = Release|Any CPU
		{95F9ECBD-1D58-4B6A-A970-55C483958E68}.Release|Any CPU.ActiveCfg = Release|Any CPU
		{95F9ECBD-1D58-4B6A-A970-55C483958E68}.Release|Any CPU.Build.0 = Release|Any CPU
		{DB8C23B5-034C-49F9-B5B9-57BCC66A93A7}.Debug (.NET 3.5)|Any CPU.ActiveCfg = Debug|Any CPU
		{DB8C23B5-034C-49F9-B5B9-57BCC66A93A7}.Debug (.NET 3.5)|Any CPU.Build.0 = Debug|Any CPU
		{DB8C23B5-034C-49F9-B5B9-57BCC66A93A7}.Debug|Any CPU.ActiveCfg = Debug|Any CPU
		{DB8C23B5-034C-49F9-B5B9-57BCC66A93A7}.Debug|Any CPU.Build.0 = Debug|Any CPU
		{DB8C23B5-034C-49F9-B5B9-57BCC66A93A7}.Release (.NET 3.5)|Any CPU.ActiveCfg = Release|Any CPU
		{DB8C23B5-034C-49F9-B5B9-57BCC66A93A7}.Release (.NET 3.5)|Any CPU.Build.0 = Release|Any CPU
		{DB8C23B5-034C-49F9-B5B9-57BCC66A93A7}.Release|Any CPU.ActiveCfg = Release|Any CPU
		{DB8C23B5-034C-49F9-B5B9-57BCC66A93A7}.Release|Any CPU.Build.0 = Release|Any CPU
		{D8CC3680-36EE-40C1-856D-09F6AF1FCCFB}.Debug (.NET 3.5)|Any CPU.ActiveCfg = Debug|Any CPU
		{D8CC3680-36EE-40C1-856D-09F6AF1FCCFB}.Debug (.NET 3.5)|Any CPU.Build.0 = Debug|Any CPU
		{D8CC3680-36EE-40C1-856D-09F6AF1FCCFB}.Debug|Any CPU.ActiveCfg = Debug|Any CPU
		{D8CC3680-36EE-40C1-856D-09F6AF1FCCFB}.Debug|Any CPU.Build.0 = Debug|Any CPU
		{D8CC3680-36EE-40C1-856D-09F6AF1FCCFB}.Release (.NET 3.5)|Any CPU.ActiveCfg = Release|Any CPU
		{D8CC3680-36EE-40C1-856D-09F6AF1FCCFB}.Release (.NET 3.5)|Any CPU.Build.0 = Release|Any CPU
		{D8CC3680-36EE-40C1-856D-09F6AF1FCCFB}.Release|Any CPU.ActiveCfg = Release|Any CPU
		{D8CC3680-36EE-40C1-856D-09F6AF1FCCFB}.Release|Any CPU.Build.0 = Release|Any CPU
		{E7F80934-B391-400C-A018-485DF004FCE1}.Debug (.NET 3.5)|Any CPU.ActiveCfg = Debug|Any CPU
		{E7F80934-B391-400C-A018-485DF004FCE1}.Debug (.NET 3.5)|Any CPU.Build.0 = Debug|Any CPU
		{E7F80934-B391-400C-A018-485DF004FCE1}.Debug|Any CPU.ActiveCfg = Debug|Any CPU
		{E7F80934-B391-400C-A018-485DF004FCE1}.Debug|Any CPU.Build.0 = Debug|Any CPU
		{E7F80934-B391-400C-A018-485DF004FCE1}.Release (.NET 3.5)|Any CPU.ActiveCfg = Release|Any CPU
		{E7F80934-B391-400C-A018-485DF004FCE1}.Release (.NET 3.5)|Any CPU.Build.0 = Release|Any CPU
		{E7F80934-B391-400C-A018-485DF004FCE1}.Release|Any CPU.ActiveCfg = Release|Any CPU
		{E7F80934-B391-400C-A018-485DF004FCE1}.Release|Any CPU.Build.0 = Release|Any CPU
	EndGlobalSection
	GlobalSection(SolutionProperties) = preSolution
		HideSolutionNode = FALSE
	EndGlobalSection
	GlobalSection(NestedProjects) = preSolution
		{5DC97E00-8C55-479E-94C2-19679791F55C} = {0598D101-4147-476C-98FF-8C78D96B971E}
		{6FD94599-A0DF-448F-BF82-CAB5948D5F53} = {0598D101-4147-476C-98FF-8C78D96B971E}
		{E0336D98-67DC-4134-9508-7F5598295FEC} = {0598D101-4147-476C-98FF-8C78D96B971E}
		{D0B2F203-4601-4F73-89C4-C5A6FF4D4B99} = {0598D101-4147-476C-98FF-8C78D96B971E}
		{981A0171-5E5E-461E-A09A-DE12F781F288} = {0598D101-4147-476C-98FF-8C78D96B971E}
		{B5D54750-F102-47FF-BDF7-A67CB2A5A22D} = {5DC97E00-8C55-479E-94C2-19679791F55C}
		{E4F0E91F-DE65-4117-B6A5-99AFD8AF8DC3} = {0598D101-4147-476C-98FF-8C78D96B971E}
		{D0B01D55-90CD-4F17-9FE8-92C4E06ADE25} = {0598D101-4147-476C-98FF-8C78D96B971E}
		{53F1E513-02CC-40BF-A697-B1D602FDFDFC} = {0598D101-4147-476C-98FF-8C78D96B971E}
		{61A224B6-BA57-44B7-81AD-540F2E146641} = {0598D101-4147-476C-98FF-8C78D96B971E}
		{161A1671-FF81-0C1D-3304-D104941735FD} = {B4F2ECE8-51A5-4A72-B503-5DDD564D7AD9}
		{72DFFF29-2590-00B6-1F3D-E5F62E08D951} = {68B82970-4F3D-411C-A4DF-31E64C2F1DC0}
		{740ABB06-3D3F-4317-A0F1-3D1F6B48C4C2} = {0598D101-4147-476C-98FF-8C78D96B971E}
		{09365B55-0F44-4247-8543-F794CB5D71AF} = {B27DE984-FC99-4B6F-933D-2FB8934305C2}
		{DD52CE68-7575-4AD0-ADB4-E194BE64B923} = {4A01AB0C-CCCD-420C-9557-42CD07E9BB70}
		{151A1B28-30BC-EDFA-B751-D48A1151E8BB} = {68B82970-4F3D-411C-A4DF-31E64C2F1DC0}
		{F402026C-776D-4281-9353-F36277F17561} = {CC659FEB-5A2C-4844-87BD-6D4D152A0366}
		{71CD3BC3-EDCF-736C-D498-677570463108} = {0B32745D-2C90-4434-A390-C3A3A46732FE}
		{B94505A9-4B56-45FA-B3D2-9A5DC530E184} = {B4F2ECE8-51A5-4A72-B503-5DDD564D7AD9}
		{905AF206-1CC9-416F-B596-8F99E0230E0C} = {02EA681E-C7D8-13C7-8484-4AC65E1B71E8}
		{95F9ECBD-1D58-4B6A-A970-55C483958E68} = {0B32745D-2C90-4434-A390-C3A3A46732FE}
		{DB8C23B5-034C-49F9-B5B9-57BCC66A93A7} = {B27DE984-FC99-4B6F-933D-2FB8934305C2}
		{D8CC3680-36EE-40C1-856D-09F6AF1FCCFB} = {40B61C28-9B15-4E8A-9238-39778056E65C}
		{E7F80934-B391-400C-A018-485DF004FCE1} = {B27DE984-FC99-4B6F-933D-2FB8934305C2}
	EndGlobalSection
	GlobalSection(ExtensibilityGlobals) = postSolution
		SolutionGuid = {433E9001-0D97-4552-9BF4-6FED04B194AE}
	EndGlobalSection
EndGlobal
