
Microsoft Visual Studio Solution File, Format Version 12.00
# Visual Studio Version 17
VisualStudioVersion = 17.6.33815.320
MinimumVisualStudioVersion = 10.0.40219.1
Project("{00D1A9C2-B5F0-4AF3-8072-F6C62B433612}") = "IGroupClinicDb", "IGroupClinicDb.sqlproj", "{94DFEB74-0F54-4087-914E-E2563E5D7BFA}"
EndProject
Global
	GlobalSection(SolutionConfigurationPlatforms) = preSolution
		Debug|Any CPU = Debug|Any CPU
		Release|Any CPU = Release|Any CPU
	EndGlobalSection
	GlobalSection(ProjectConfigurationPlatforms) = postSolution
		{94DFEB74-0F54-4087-914E-E2563E5D7BFA}.Debug|Any CPU.ActiveCfg = Debug|Any CPU
		{94DFEB74-0F54-4087-914E-E2563E5D7BFA}.Debug|Any CPU.Build.0 = Debug|Any CPU
		{94DFEB74-0F54-4087-914E-E2563E5D7BFA}.Debug|Any CPU.Deploy.0 = Debug|Any CPU
		{94DFEB74-0F54-4087-914E-E2563E5D7BFA}.Release|Any CPU.ActiveCfg = Release|Any CPU
		{94DFEB74-0F54-4087-914E-E2563E5D7BFA}.Release|Any CPU.Build.0 = Release|Any CPU
		{94DFEB74-0F54-4087-914E-E2563E5D7BFA}.Release|Any CPU.Deploy.0 = Release|Any CPU
	EndGlobalSection
	GlobalSection(SolutionProperties) = preSolution
		HideSolutionNode = FALSE
	EndGlobalSection
	GlobalSection(ExtensibilityGlobals) = postSolution
		SolutionGuid = {1A692C0D-F0C5-40D5-BEFB-D0D51F3D8501}
	EndGlobalSection
EndGlobal
