
Microsoft Visual Studio Solution File, Format Version 12.00
# Visual Studio 15
VisualStudioVersion = 15.0.28307.1231
MinimumVisualStudioVersion = 10.0.40219.1
Project("{F184B08F-C81C-45F6-A57F-5ABD9991F28F}") = "gTimePickerControl", "gTimePickerControl\gTimePickerControl.vbproj", "{0D580C02-7F61-4418-ACAB-A61A537B85CA}"
EndProject
Project("{F184B08F-C81C-45F6-A57F-5ABD9991F28F}") = "gTimePickerTestForm", "gTimePickerTestForm\gTimePickerTestForm.vbproj", "{1DF45376-8B34-40E8-9E01-8C4D83B3E56D}"
EndProject
Global
	GlobalSection(SolutionConfigurationPlatforms) = preSolution
		Debug|Any CPU = Debug|Any CPU
		Release|Any CPU = Release|Any CPU
	EndGlobalSection
	GlobalSection(ProjectConfigurationPlatforms) = postSolution
		{0D580C02-7F61-4418-ACAB-A61A537B85CA}.Debug|Any CPU.ActiveCfg = Debug|Any CPU
		{0D580C02-7F61-4418-ACAB-A61A537B85CA}.Debug|Any CPU.Build.0 = Debug|Any CPU
		{0D580C02-7F61-4418-ACAB-A61A537B85CA}.Release|Any CPU.ActiveCfg = Release|Any CPU
		{0D580C02-7F61-4418-ACAB-A61A537B85CA}.Release|Any CPU.Build.0 = Release|Any CPU
		{1DF45376-8B34-40E8-9E01-8C4D83B3E56D}.Debug|Any CPU.ActiveCfg = Debug|Any CPU
		{1DF45376-8B34-40E8-9E01-8C4D83B3E56D}.Debug|Any CPU.Build.0 = Debug|Any CPU
		{1DF45376-8B34-40E8-9E01-8C4D83B3E56D}.Release|Any CPU.ActiveCfg = Release|Any CPU
		{1DF45376-8B34-40E8-9E01-8C4D83B3E56D}.Release|Any CPU.Build.0 = Release|Any CPU
	EndGlobalSection
	GlobalSection(SolutionProperties) = preSolution
		HideSolutionNode = FALSE
	EndGlobalSection
	GlobalSection(ExtensibilityGlobals) = postSolution
		SolutionGuid = {2BD9D76B-2DDD-42CE-8D33-9F426A0E92A4}
	EndGlobalSection
EndGlobal
