
Microsoft Visual Studio Solution File, Format Version 12.00
# Visual Studio Version 17
VisualStudioVersion = 17.6.33815.320
MinimumVisualStudioVersion = 10.0.40219.1
Project("{778DAE3C-4631-46EA-AA77-85C1314464D9}") = "CascadingComboBox", "CascadingComboBox.vbproj", "{FC440AAE-1111-05E5-30F8-4B7802656AE1}"
EndProject
Global
	GlobalSection(SolutionConfigurationPlatforms) = preSolution
		Debug|Any CPU = Debug|Any CPU
		Release|Any CPU = Release|Any CPU
	EndGlobalSection
	GlobalSection(ProjectConfigurationPlatforms) = postSolution
		{FC440AAE-1111-05E5-30F8-4B7802656AE1}.Debug|Any CPU.ActiveCfg = Debug|Any CPU
		{FC440AAE-1111-05E5-30F8-4B7802656AE1}.Debug|Any CPU.Build.0 = Debug|Any CPU
		{FC440AAE-1111-05E5-30F8-4B7802656AE1}.Release|Any CPU.ActiveCfg = Release|Any CPU
		{FC440AAE-1111-05E5-30F8-4B7802656AE1}.Release|Any CPU.Build.0 = Release|Any CPU
	EndGlobalSection
	GlobalSection(SolutionProperties) = preSolution
		HideSolutionNode = FALSE
	EndGlobalSection
	GlobalSection(ExtensibilityGlobals) = postSolution
		SolutionGuid = {6B1D321D-0009-4419-9AAE-793A4BC50E05}
	EndGlobalSection
EndGlobal
