
Microsoft Visual Studio Solution File, Format Version 12.00
# Visual Studio 15
VisualStudioVersion = 15.0.28307.852
MinimumVisualStudioVersion = 10.0.40219.1
Project("{F184B08F-C81C-45F6-A57F-5ABD9991F28F}") = "WindowsApp1", "WindowsApp1\WindowsApp1.vbproj", "{7B4990FC-9B43-4B0A-8C8B-743CD22871D7}"
EndProject
Global
	GlobalSection(SolutionConfigurationPlatforms) = preSolution
		Debug|Any CPU = Debug|Any CPU
		Release|Any CPU = Release|Any CPU
	EndGlobalSection
	GlobalSection(ProjectConfigurationPlatforms) = postSolution
		{7B4990FC-9B43-4B0A-8C8B-743CD22871D7}.Debug|Any CPU.ActiveCfg = Debug|Any CPU
		{7B4990FC-9B43-4B0A-8C8B-743CD22871D7}.Debug|Any CPU.Build.0 = Debug|Any CPU
		{7B4990FC-9B43-4B0A-8C8B-743CD22871D7}.Release|Any CPU.ActiveCfg = Release|Any CPU
		{7B4990FC-9B43-4B0A-8C8B-743CD22871D7}.Release|Any CPU.Build.0 = Release|Any CPU
	EndGlobalSection
	GlobalSection(SolutionProperties) = preSolution
		HideSolutionNode = FALSE
	EndGlobalSection
	GlobalSection(ExtensibilityGlobals) = postSolution
		SolutionGuid = {1BBC6D69-1AB3-432E-A782-43FAE26182B6}
	EndGlobalSection
EndGlobal
